
Microsoft Visual Studio Solution File, Format Version 12.00
# Visual Studio Version 17
VisualStudioVersion = 17.3.32825.248
MinimumVisualStudioVersion = 10.0.40219.1
Project("{FAE04EC0-301F-11D3-BF4B-00C04F79EFBC}") = "TikTok.Android", "TikTok\TikTok.Android\TikTok.Android.csproj", "{CF0EA668-427E-44B1-B4E4-6AABDFAC7831}"
EndProject
Project("{FAE04EC0-301F-11D3-BF4B-00C04F79EFBC}") = "TikTok.iOS", "TikTok\TikTok.iOS\TikTok.iOS.csproj", "{5B00AB07-92D5-4B2A-9ACF-69EEA96AE694}"
EndProject
Project("{FAE04EC0-301F-11D3-BF4B-00C04F79EFBC}") = "TikTok", "TikTok\TikTok\TikTok.csproj", "{50513B3C-2BD3-49E2-BE32-EF74F1734790}"
EndProject
Global
	GlobalSection(SolutionConfigurationPlatforms) = preSolution
		Debug|Any CPU = Debug|Any CPU
		Debug|iPhone = Debug|iPhone
		Debug|iPhoneSimulator = Debug|iPhoneSimulator
		Release|Any CPU = Release|Any CPU
		Release|iPhone = Release|iPhone
		Release|iPhoneSimulator = Release|iPhoneSimulator
	EndGlobalSection
	GlobalSection(ProjectConfigurationPlatforms) = postSolution
		{CF0EA668-427E-44B1-B4E4-6AABDFAC7831}.Debug|Any CPU.ActiveCfg = Debug|Any CPU
		{CF0EA668-427E-44B1-B4E4-6AABDFAC7831}.Debug|Any CPU.Build.0 = Debug|Any CPU
		{CF0EA668-427E-44B1-B4E4-6AABDFAC7831}.Debug|Any CPU.Deploy.0 = Debug|Any CPU
		{CF0EA668-427E-44B1-B4E4-6AABDFAC7831}.Debug|iPhone.ActiveCfg = Debug|Any CPU
		{CF0EA668-427E-44B1-B4E4-6AABDFAC7831}.Debug|iPhone.Build.0 = Debug|Any CPU
		{CF0EA668-427E-44B1-B4E4-6AABDFAC7831}.Debug|iPhone.Deploy.0 = Debug|Any CPU
		{CF0EA668-427E-44B1-B4E4-6AABDFAC7831}.Debug|iPhoneSimulator.ActiveCfg = Debug|Any CPU
		{CF0EA668-427E-44B1-B4E4-6AABDFAC7831}.Debug|iPhoneSimulator.Build.0 = Debug|Any CPU
		{CF0EA668-427E-44B1-B4E4-6AABDFAC7831}.Debug|iPhoneSimulator.Deploy.0 = Debug|Any CPU
		{CF0EA668-427E-44B1-B4E4-6AABDFAC7831}.Release|Any CPU.ActiveCfg = Release|Any CPU
		{CF0EA668-427E-44B1-B4E4-6AABDFAC7831}.Release|Any CPU.Build.0 = Release|Any CPU
		{CF0EA668-427E-44B1-B4E4-6AABDFAC7831}.Release|Any CPU.Deploy.0 = Release|Any CPU
		{CF0EA668-427E-44B1-B4E4-6AABDFAC7831}.Release|iPhone.ActiveCfg = Release|Any CPU
		{CF0EA668-427E-44B1-B4E4-6AABDFAC7831}.Release|iPhone.Build.0 = Release|Any CPU
		{CF0EA668-427E-44B1-B4E4-6AABDFAC7831}.Release|iPhone.Deploy.0 = Release|Any CPU
		{CF0EA668-427E-44B1-B4E4-6AABDFAC7831}.Release|iPhoneSimulator.ActiveCfg = Release|Any CPU
		{CF0EA668-427E-44B1-B4E4-6AABDFAC7831}.Release|iPhoneSimulator.Build.0 = Release|Any CPU
		{CF0EA668-427E-44B1-B4E4-6AABDFAC7831}.Release|iPhoneSimulator.Deploy.0 = Release|Any CPU
		{5B00AB07-92D5-4B2A-9ACF-69EEA96AE694}.Debug|Any CPU.ActiveCfg = Debug|iPhone
		{5B00AB07-92D5-4B2A-9ACF-69EEA96AE694}.Debug|Any CPU.Build.0 = Debug|iPhone
		{5B00AB07-92D5-4B2A-9ACF-69EEA96AE694}.Debug|Any CPU.Deploy.0 = Debug|iPhone
		{5B00AB07-92D5-4B2A-9ACF-69EEA96AE694}.Debug|iPhone.ActiveCfg = Debug|iPhone
		{5B00AB07-92D5-4B2A-9ACF-69EEA96AE694}.Debug|iPhone.Build.0 = Debug|iPhone
		{5B00AB07-92D5-4B2A-9ACF-69EEA96AE694}.Debug|iPhone.Deploy.0 = Debug|iPhone
		{5B00AB07-92D5-4B2A-9ACF-69EEA96AE694}.Debug|iPhoneSimulator.ActiveCfg = Debug|iPhoneSimulator
		{5B00AB07-92D5-4B2A-9ACF-69EEA96AE694}.Debug|iPhoneSimulator.Build.0 = Debug|iPhoneSimulator
		{5B00AB07-92D5-4B2A-9ACF-69EEA96AE694}.Debug|iPhoneSimulator.Deploy.0 = Debug|iPhoneSimulator
		{5B00AB07-92D5-4B2A-9ACF-69EEA96AE694}.Release|Any CPU.ActiveCfg = Release|iPhoneSimulator
		{5B00AB07-92D5-4B2A-9ACF-69EEA96AE694}.Release|Any CPU.Build.0 = Release|iPhoneSimulator
		{5B00AB07-92D5-4B2A-9ACF-69EEA96AE694}.Release|Any CPU.Deploy.0 = Release|iPhoneSimulator
		{5B00AB07-92D5-4B2A-9ACF-69EEA96AE694}.Release|iPhone.ActiveCfg = Release|iPhone
		{5B00AB07-92D5-4B2A-9ACF-69EEA96AE694}.Release|iPhone.Build.0 = Release|iPhone
		{5B00AB07-92D5-4B2A-9ACF-69EEA96AE694}.Release|iPhone.Deploy.0 = Release|iPhone
		{5B00AB07-92D5-4B2A-9ACF-69EEA96AE694}.Release|iPhoneSimulator.ActiveCfg = Release|iPhoneSimulator
		{5B00AB07-92D5-4B2A-9ACF-69EEA96AE694}.Release|iPhoneSimulator.Build.0 = Release|iPhoneSimulator
		{5B00AB07-92D5-4B2A-9ACF-69EEA96AE694}.Release|iPhoneSimulator.Deploy.0 = Release|iPhoneSimulator
		{50513B3C-2BD3-49E2-BE32-EF74F1734790}.Debug|Any CPU.ActiveCfg = Debug|Any CPU
		{50513B3C-2BD3-49E2-BE32-EF74F1734790}.Debug|Any CPU.Build.0 = Debug|Any CPU
		{50513B3C-2BD3-49E2-BE32-EF74F1734790}.Debug|Any CPU.Deploy.0 = Debug|Any CPU
		{50513B3C-2BD3-49E2-BE32-EF74F1734790}.Debug|iPhone.ActiveCfg = Debug|Any CPU
		{50513B3C-2BD3-49E2-BE32-EF74F1734790}.Debug|iPhone.Build.0 = Debug|Any CPU
		{50513B3C-2BD3-49E2-BE32-EF74F1734790}.Debug|iPhone.Deploy.0 = Debug|Any CPU
		{50513B3C-2BD3-49E2-BE32-EF74F1734790}.Debug|iPhoneSimulator.ActiveCfg = Debug|Any CPU
		{50513B3C-2BD3-49E2-BE32-EF74F1734790}.Debug|iPhoneSimulator.Build.0 = Debug|Any CPU
		{50513B3C-2BD3-49E2-BE32-EF74F1734790}.Debug|iPhoneSimulator.Deploy.0 = Debug|Any CPU
		{50513B3C-2BD3-49E2-BE32-EF74F1734790}.Release|Any CPU.ActiveCfg = Release|Any CPU
		{50513B3C-2BD3-49E2-BE32-EF74F1734790}.Release|Any CPU.Build.0 = Release|Any CPU
		{50513B3C-2BD3-49E2-BE32-EF74F1734790}.Release|Any CPU.Deploy.0 = Release|Any CPU
		{50513B3C-2BD3-49E2-BE32-EF74F1734790}.Release|iPhone.ActiveCfg = Release|Any CPU
		{50513B3C-2BD3-49E2-BE32-EF74F1734790}.Release|iPhone.Build.0 = Release|Any CPU
		{50513B3C-2BD3-49E2-BE32-EF74F1734790}.Release|iPhone.Deploy.0 = Release|Any CPU
		{50513B3C-2BD3-49E2-BE32-EF74F1734790}.Release|iPhoneSimulator.ActiveCfg = Release|Any CPU
		{50513B3C-2BD3-49E2-BE32-EF74F1734790}.Release|iPhoneSimulator.Build.0 = Release|Any CPU
		{50513B3C-2BD3-49E2-BE32-EF74F1734790}.Release|iPhoneSimulator.Deploy.0 = Release|Any CPU
	EndGlobalSection
	GlobalSection(SolutionProperties) = preSolution
		HideSolutionNode = FALSE
	EndGlobalSection
	GlobalSection(ExtensibilityGlobals) = postSolution
		SolutionGuid = {81FB0407-4A85-4CBF-AF5C-74413FC07522}
	EndGlobalSection
EndGlobal
